
Microsoft Visual Studio Solution File, Format Version 12.00
# Visual Studio 15
VisualStudioVersion = 15.0.28307.329
MinimumVisualStudioVersion = 10.0.40219.1
Project("{8BC9CEB8-8B4A-11D0-8D11-00A0C91BC942}") = "HW1", "HW1\HW1.vcxproj", "{3AB1CF0E-44AB-4608-877F-CEEE7B65EBB5}"
EndProject
Global
	GlobalSection(SolutionConfigurationPlatforms) = preSolution
		Debug|x64 = Debug|x64
		Debug|x86 = Debug|x86
		Release|x64 = Release|x64
		Release|x86 = Release|x86
	EndGlobalSection
	GlobalSection(ProjectConfigurationPlatforms) = postSolution
		{3AB1CF0E-44AB-4608-877F-CEEE7B65EBB5}.Debug|x64.ActiveCfg = Debug|x64
		{3AB1CF0E-44AB-4608-877F-CEEE7B65EBB5}.Debug|x64.Build.0 = Debug|x64
		{3AB1CF0E-44AB-4608-877F-CEEE7B65EBB5}.Debug|x86.ActiveCfg = Debug|Win32
		{3AB1CF0E-44AB-4608-877F-CEEE7B65EBB5}.Debug|x86.Build.0 = Debug|Win32
		{3AB1CF0E-44AB-4608-877F-CEEE7B65EBB5}.Release|x64.ActiveCfg = Release|x64
		{3AB1CF0E-44AB-4608-877F-CEEE7B65EBB5}.Release|x64.Build.0 = Release|x64
		{3AB1CF0E-44AB-4608-877F-CEEE7B65EBB5}.Release|x86.ActiveCfg = Release|Win32
		{3AB1CF0E-44AB-4608-877F-CEEE7B65EBB5}.Release|x86.Build.0 = Release|Win32
	EndGlobalSection
	GlobalSection(SolutionProperties) = preSolution
		HideSolutionNode = FALSE
	EndGlobalSection
	GlobalSection(ExtensibilityGlobals) = postSolution
		SolutionGuid = {E8E20DF7-8F39-484D-9A62-419AC97DF00F}
	EndGlobalSection
EndGlobal
